
Microsoft Visual Studio Solution File, Format Version 12.00
Project("{2150E333-8FDC-42A3-9474-1A3956D46DE8}") = "Server", "Server", "{BCE1FBE6-B370-4051-B84C-10F1928448F4}"
EndProject
Project("{FAE04EC0-301F-11D3-BF4B-00C04F79EFBC}") = "Entities", "Entities\Entities.csproj", "{E444ACDC-CE13-42F1-BD5D-8EF3487F636B}"
EndProject
Project("{FAE04EC0-301F-11D3-BF4B-00C04F79EFBC}") = "RepositoryContracts", "RepositoryContracts\RepositoryContracts.csproj", "{ED38207F-64D3-45CC-8485-760CA835E603}"
EndProject
Project("{FAE04EC0-301F-11D3-BF4B-00C04F79EFBC}") = "CLI", "Server\CLI\CLI.csproj", "{EDA20E5D-1F87-4EE7-BB88-C028B80D7DF0}"
EndProject
Project("{FAE04EC0-301F-11D3-BF4B-00C04F79EFBC}") = "FileRepositories", "Server\FileRepositories\FileRepositories.csproj", "{309F2571-6D54-4CFD-BF5E-577AE326F5C1}"
EndProject
Project("{2150E333-8FDC-42A3-9474-1A3956D46DE8}") = "Shared", "Shared", "{1DACA6A6-D379-4260-9E17-BB05D7510DDE}"
EndProject
Project("{FAE04EC0-301F-11D3-BF4B-00C04F79EFBC}") = "ApiContracts", "ApiContracts\ApiContracts.csproj", "{8670F9A3-7306-4BC6-96A7-79B8099A2AD0}"
EndProject
Project("{FAE04EC0-301F-11D3-BF4B-00C04F79EFBC}") = "WebApplication", "Server\WebApplication\WebApplication.csproj", "{F1EB4182-0859-46F1-B3A2-C7528F492ABB}"
EndProject
Global
	GlobalSection(SolutionConfigurationPlatforms) = preSolution
		Debug|Any CPU = Debug|Any CPU
		Release|Any CPU = Release|Any CPU
	EndGlobalSection
	GlobalSection(NestedProjects) = preSolution
		{E444ACDC-CE13-42F1-BD5D-8EF3487F636B} = {BCE1FBE6-B370-4051-B84C-10F1928448F4}
		{ED38207F-64D3-45CC-8485-760CA835E603} = {BCE1FBE6-B370-4051-B84C-10F1928448F4}
		{EDA20E5D-1F87-4EE7-BB88-C028B80D7DF0} = {BCE1FBE6-B370-4051-B84C-10F1928448F4}
		{309F2571-6D54-4CFD-BF5E-577AE326F5C1} = {BCE1FBE6-B370-4051-B84C-10F1928448F4}
		{8670F9A3-7306-4BC6-96A7-79B8099A2AD0} = {1DACA6A6-D379-4260-9E17-BB05D7510DDE}
		{F1EB4182-0859-46F1-B3A2-C7528F492ABB} = {BCE1FBE6-B370-4051-B84C-10F1928448F4}
	EndGlobalSection
	GlobalSection(ProjectConfigurationPlatforms) = postSolution
		{E444ACDC-CE13-42F1-BD5D-8EF3487F636B}.Debug|Any CPU.ActiveCfg = Debug|Any CPU
		{E444ACDC-CE13-42F1-BD5D-8EF3487F636B}.Debug|Any CPU.Build.0 = Debug|Any CPU
		{E444ACDC-CE13-42F1-BD5D-8EF3487F636B}.Release|Any CPU.ActiveCfg = Release|Any CPU
		{E444ACDC-CE13-42F1-BD5D-8EF3487F636B}.Release|Any CPU.Build.0 = Release|Any CPU
		{ED38207F-64D3-45CC-8485-760CA835E603}.Debug|Any CPU.ActiveCfg = Debug|Any CPU
		{ED38207F-64D3-45CC-8485-760CA835E603}.Debug|Any CPU.Build.0 = Debug|Any CPU
		{ED38207F-64D3-45CC-8485-760CA835E603}.Release|Any CPU.ActiveCfg = Release|Any CPU
		{ED38207F-64D3-45CC-8485-760CA835E603}.Release|Any CPU.Build.0 = Release|Any CPU
		{EDA20E5D-1F87-4EE7-BB88-C028B80D7DF0}.Debug|Any CPU.ActiveCfg = Debug|Any CPU
		{EDA20E5D-1F87-4EE7-BB88-C028B80D7DF0}.Debug|Any CPU.Build.0 = Debug|Any CPU
		{EDA20E5D-1F87-4EE7-BB88-C028B80D7DF0}.Release|Any CPU.ActiveCfg = Release|Any CPU
		{EDA20E5D-1F87-4EE7-BB88-C028B80D7DF0}.Release|Any CPU.Build.0 = Release|Any CPU
		{309F2571-6D54-4CFD-BF5E-577AE326F5C1}.Debug|Any CPU.ActiveCfg = Debug|Any CPU
		{309F2571-6D54-4CFD-BF5E-577AE326F5C1}.Debug|Any CPU.Build.0 = Debug|Any CPU
		{309F2571-6D54-4CFD-BF5E-577AE326F5C1}.Release|Any CPU.ActiveCfg = Release|Any CPU
		{309F2571-6D54-4CFD-BF5E-577AE326F5C1}.Release|Any CPU.Build.0 = Release|Any CPU
		{8670F9A3-7306-4BC6-96A7-79B8099A2AD0}.Debug|Any CPU.ActiveCfg = Debug|Any CPU
		{8670F9A3-7306-4BC6-96A7-79B8099A2AD0}.Debug|Any CPU.Build.0 = Debug|Any CPU
		{8670F9A3-7306-4BC6-96A7-79B8099A2AD0}.Release|Any CPU.ActiveCfg = Release|Any CPU
		{8670F9A3-7306-4BC6-96A7-79B8099A2AD0}.Release|Any CPU.Build.0 = Release|Any CPU
		{F1EB4182-0859-46F1-B3A2-C7528F492ABB}.Debug|Any CPU.ActiveCfg = Debug|Any CPU
		{F1EB4182-0859-46F1-B3A2-C7528F492ABB}.Debug|Any CPU.Build.0 = Debug|Any CPU
		{F1EB4182-0859-46F1-B3A2-C7528F492ABB}.Release|Any CPU.ActiveCfg = Release|Any CPU
		{F1EB4182-0859-46F1-B3A2-C7528F492ABB}.Release|Any CPU.Build.0 = Release|Any CPU
	EndGlobalSection
EndGlobal
